
Microsoft Visual Studio Solution File, Format Version 12.00
# Visual Studio Version 17
VisualStudioVersion = 17.5.33516.290
MinimumVisualStudioVersion = 10.0.40219.1
Project("{FAE04EC0-301F-11D3-BF4B-00C04F79EFBC}") = "firmairadnici", "firmairadnici\firmairadnici.csproj", "{221682F5-385A-4833-A1CF-50D175462668}"
EndProject
Global
	GlobalSection(SolutionConfigurationPlatforms) = preSolution
		Debug|Any CPU = Debug|Any CPU
		Release|Any CPU = Release|Any CPU
	EndGlobalSection
	GlobalSection(ProjectConfigurationPlatforms) = postSolution
		{221682F5-385A-4833-A1CF-50D175462668}.Debug|Any CPU.ActiveCfg = Debug|Any CPU
		{221682F5-385A-4833-A1CF-50D175462668}.Debug|Any CPU.Build.0 = Debug|Any CPU
		{221682F5-385A-4833-A1CF-50D175462668}.Release|Any CPU.ActiveCfg = Release|Any CPU
		{221682F5-385A-4833-A1CF-50D175462668}.Release|Any CPU.Build.0 = Release|Any CPU
	EndGlobalSection
	GlobalSection(SolutionProperties) = preSolution
		HideSolutionNode = FALSE
	EndGlobalSection
	GlobalSection(ExtensibilityGlobals) = postSolution
		SolutionGuid = {E68038D2-1659-422B-9428-37FA8D9ED9D4}
	EndGlobalSection
EndGlobal
